{
  "nodes": {
    "cardano-repo-tool": {
      "flake": false,
      "locked": {
        "lastModified": 1632473625,
        "narHash": "sha256-8laBlr/HdsMYJzI7Ia4uPF3IBgMI+w1rupztzoLg5Rc=",
        "owner": "input-output-hk",
        "repo": "cardano-repo-tool",
        "rev": "1b3c9a5e3b808a00cac140c7e7b8ace146964873",
        "type": "github"
      },
      "original": {
        "owner": "input-output-hk",
        "repo": "cardano-repo-tool",
        "type": "github"
      }
    },
    "easy-purescript-nix": {
      "flake": false,
      "locked": {
        "lastModified": 1631961521,
        "narHash": "sha256-1yPjUdOYzw1+UGFzBXbyZqEbsM6XZu/6+v8W35qFdLo=",
        "owner": "justinwoo",
        "repo": "easy-purescript-nix",
        "rev": "d9a37c75ed361372e1545f6efbc08d819b3c28c8",
        "type": "github"
      },
      "original": {
        "owner": "justinwoo",
        "repo": "easy-purescript-nix",
        "type": "github"
      }
    },
    "flake-utils": {
      "locked": {
        "lastModified": 1620759905,
        "narHash": "sha256-WiyWawrgmyN0EdmiHyG2V+fqReiVi8bM9cRdMaKQOFg=",
        "owner": "numtide",
        "repo": "flake-utils",
        "rev": "b543720b25df6ffdfcf9227afafc5b8c1fabfae8",
        "type": "github"
      },
      "original": {
        "owner": "numtide",
        "repo": "flake-utils",
        "rev": "b543720b25df6ffdfcf9227afafc5b8c1fabfae8",
        "type": "github"
      }
    },
    "gitignore-nix": {
      "flake": false,
      "locked": {
        "lastModified": 1632996366,
        "narHash": "sha256-G5Rg90C9I5FFoG6kcgGFLFAxXp1bb5SDQpw4SmDNZNA=",
        "owner": "hercules-ci",
        "repo": "gitignore.nix",
        "rev": "80463148cd97eebacf80ba68cf0043598f0d7438",
        "type": "github"
      },
      "original": {
        "owner": "hercules-ci",
        "repo": "gitignore.nix",
        "type": "github"
      }
    },
    "hackage-nix": {
      "flake": false,
      "locked": {
        "lastModified": 1625706684,
        "narHash": "sha256-XZZglZoSpgMkibRgkB7A0DPUeYkmx2kVqpT8gUwgBsw=",
        "owner": "input-output-hk",
        "repo": "hackage.nix",
        "rev": "afafb0104f1f5029155fcbb15bc1ce1bcd98ea6b",
        "type": "github"
      },
      "original": {
        "owner": "input-output-hk",
        "repo": "hackage.nix",
        "rev": "afafb0104f1f5029155fcbb15bc1ce1bcd98ea6b",
        "type": "github"
      }
    },
    "haskell-language-server": {
      "flake": false,
      "locked": {
        "lastModified": 1618300575,
        "narHash": "sha256-5bIr7Zsvn1B8bjjiHPLQQS8+qW3ZiEwqBnFUG+fAcU8=",
        "owner": "haskell",
        "repo": "haskell-language-server",
        "rev": "f1c096927186a93d8e3ccd4fe8385cc1b070350b",
        "type": "github"
      },
      "original": {
        "owner": "haskell",
        "ref": "1.1.0",
        "repo": "haskell-language-server",
        "type": "github"
      }
    },
    "haskell-nix": {
      "flake": false,
      "locked": {
        "lastModified": 1627432683,
        "narHash": "sha256-cOslGeMHH3c46a3IUSr4YqR9UJYoLS/45dOhDASFu18=",
        "owner": "input-output-hk",
        "repo": "haskell.nix",
        "rev": "531c9f4cac0e335db245849df3b5036973826d36",
        "type": "github"
      },
      "original": {
        "owner": "input-output-hk",
        "repo": "haskell.nix",
        "rev": "531c9f4cac0e335db245849df3b5036973826d36",
        "type": "github"
      }
    },
    "iohk-nix": {
      "flake": false,
      "locked": {
        "lastModified": 1626953580,
        "narHash": "sha256-iEI9aTOaZMGsjWzcrctrC0usmiagwKT2v1LSDe9/tMU=",
        "owner": "input-output-hk",
        "repo": "iohk-nix",
        "rev": "cbd497f5844249ef8fe617166337d59f2a6ebe90",
        "type": "github"
      },
      "original": {
        "owner": "input-output-hk",
        "repo": "iohk-nix",
        "rev": "cbd497f5844249ef8fe617166337d59f2a6ebe90",
        "type": "github"
      }
    },
    "nixpkgs": {
      "flake": false,
      "locked": {
        "lastModified": 1610942247,
        "narHash": "sha256-PKo1ATAlC6BmfYSRmX0TVmNoFbrec+A5OKcabGEu2yU=",
        "owner": "NixOS",
        "repo": "nixpkgs",
        "rev": "7d71001b796340b219d1bfa8552c81995017544a",
        "type": "github"
      },
      "original": {
        "owner": "NixOS",
        "ref": "nixpkgs-unstable",
        "repo": "nixpkgs",
        "rev": "7d71001b796340b219d1bfa8552c81995017544a",
        "type": "github"
      }
    },
    "npmlock2nix": {
      "flake": false,
      "locked": {
        "lastModified": 1631558099,
        "narHash": "sha256-xguvgtrIQHPxpc4J6EhfBnYtQDGJpt6hK1dN7KEi8R4=",
        "owner": "tweag",
        "repo": "npmlock2nix",
        "rev": "33eb3300561d724da64a46ab8e9a05a9cfa9264b",
        "type": "github"
      },
      "original": {
        "owner": "tweag",
        "repo": "npmlock2nix",
        "type": "github"
      }
    },
    "pre-commit-hooks-nix": {
      "flake": false,
      "locked": {
        "lastModified": 1631170176,
        "narHash": "sha256-RLN/kur2Kpxt0cJp0Fms8ixuGpT8IHX0OpeQ8u8f0X4=",
        "owner": "cachix",
        "repo": "pre-commit-hooks.nix",
        "rev": "3ed0e618cebc1ff291c27b749cf7568959cac028",
        "type": "github"
      },
      "original": {
        "owner": "cachix",
        "repo": "pre-commit-hooks.nix",
        "type": "github"
      }
    },
    "root": {
      "inputs": {
        "cardano-repo-tool": "cardano-repo-tool",
        "easy-purescript-nix": "easy-purescript-nix",
        "flake-utils": "flake-utils",
        "gitignore-nix": "gitignore-nix",
        "hackage-nix": "hackage-nix",
        "haskell-language-server": "haskell-language-server",
        "haskell-nix": "haskell-nix",
        "iohk-nix": "iohk-nix",
        "nixpkgs": "nixpkgs",
        "npmlock2nix": "npmlock2nix",
        "pre-commit-hooks-nix": "pre-commit-hooks-nix",
        "spago2nix": "spago2nix",
        "sphinxcontrib-haddock": "sphinxcontrib-haddock",
        "stackage-nix": "stackage-nix"
      }
    },
    "spago2nix": {
      "flake": false,
      "locked": {
        "lastModified": 1631778242,
        "narHash": "sha256-Beyls5A0aVNTeIQmk3bfq/KS0paK6xPtvC6syEeVZjM=",
        "owner": "justinwoo",
        "repo": "spago2nix",
        "rev": "874efd1d8e25521463d3f6e60493e629f2ab1cd5",
        "type": "github"
      },
      "original": {
        "owner": "justinwoo",
        "repo": "spago2nix",
        "type": "github"
      }
    },
    "sphinxcontrib-haddock": {
      "flake": false,
      "locked": {
        "lastModified": 1594136664,
        "narHash": "sha256-O9YT3iCUBHP3CEF88VDLLCO2HSP3HqkNA2q2939RnVY=",
        "owner": "michaelpj",
        "repo": "sphinxcontrib-haddock",
        "rev": "f3956b3256962b2d27d5a4e96edb7951acf5de34",
        "type": "github"
      },
      "original": {
        "owner": "michaelpj",
        "repo": "sphinxcontrib-haddock",
        "type": "github"
      }
    },
    "stackage-nix": {
      "flake": false,
      "locked": {
        "lastModified": 1597712578,
        "narHash": "sha256-c/pcfZ6w5Yp//7oC0hErOGVVphBLc5vc4IZlWKZ/t6E=",
        "owner": "input-output-hk",
        "repo": "stackage.nix",
        "rev": "e32c8b06d56954865725514ce0d98d5d1867e43a",
        "type": "github"
      },
      "original": {
        "owner": "input-output-hk",
        "repo": "stackage.nix",
        "rev": "e32c8b06d56954865725514ce0d98d5d1867e43a",
        "type": "github"
      }
    }
  },
  "root": "root",
  "version": 7
}
